// !$*UTF8*$!
{
	archiveVersion = 1;
	classes = {
	};
	objectVersion = 55;
	objects = {

/* Begin PBXBuildFile section */
		B8BC0D47282DCCD4007FD726 /* AppDelegate.swift in Sources */ = {isa = PBXBuildFile; fileRef = B8BC0D46282DCCD4007FD726 /* AppDelegate.swift */; };
		B8BC0D49282DCCD5007FD726 /* GameScene.sks in Resources */ = {isa = PBXBuildFile; fileRef = B8BC0D48282DCCD5007FD726 /* GameScene.sks */; };
		B8BC0D4B282DCCD5007FD726 /* Actions.sks in Resources */ = {isa = PBXBuildFile; fileRef = B8BC0D4A282DCCD5007FD726 /* Actions.sks */; };
		B8BC0D4D282DCCD5007FD726 /* GameScene.swift in Sources */ = {isa = PBXBuildFile; fileRef = B8BC0D4C282DCCD5007FD726 /* GameScene.swift */; };
		B8BC0D4F282DCCD5007FD726 /* GameViewController.swift in Sources */ = {isa = PBXBuildFile; fileRef = B8BC0D4E282DCCD5007FD726 /* GameViewController.swift */; };
		B8BC0D52282DCCD5007FD726 /* Main.storyboard in Resources */ = {isa = PBXBuildFile; fileRef = B8BC0D50282DCCD5007FD726 /* Main.storyboard */; };
		B8BC0D54282DCCD7007FD726 /* Assets.xcassets in Resources */ = {isa = PBXBuildFile; fileRef = B8BC0D53282DCCD7007FD726 /* Assets.xcassets */; };
		B8BC0D57282DCCD7007FD726 /* LaunchScreen.storyboard in Resources */ = {isa = PBXBuildFile; fileRef = B8BC0D55282DCCD7007FD726 /* LaunchScreen.storyboard */; };
		B8BC0D61282DCCD7007FD726 /* Connect_FourTests.swift in Sources */ = {isa = PBXBuildFile; fileRef = B8BC0D60282DCCD7007FD726 /* Connect_FourTests.swift */; };
		B8BC0D6B282DCCD7007FD726 /* Connect_FourUITests.swift in Sources */ = {isa = PBXBuildFile; fileRef = B8BC0D6A282DCCD7007FD726 /* Connect_FourUITests.swift */; };
		B8BC0D6D282DCCD7007FD726 /* Connect_FourUITestsLaunchTests.swift in Sources */ = {isa = PBXBuildFile; fileRef = B8BC0D6C282DCCD7007FD726 /* Connect_FourUITestsLaunchTests.swift */; };
/* End PBXBuildFile section */

/* Begin PBXContainerItemProxy section */
		B8BC0D5D282DCCD7007FD726 /* PBXContainerItemProxy */ = {
			isa = PBXContainerItemProxy;
			containerPortal = B8BC0D3B282DCCD4007FD726 /* Project object */;
			proxyType = 1;
			remoteGlobalIDString = B8BC0D42282DCCD4007FD726;
			remoteInfo = "Connect-Four";
		};
		B8BC0D67282DCCD7007FD726 /* PBXContainerItemProxy */ = {
			isa = PBXContainerItemProxy;
			containerPortal = B8BC0D3B282DCCD4007FD726 /* Project object */;
			proxyType = 1;
			remoteGlobalIDString = B8BC0D42282DCCD4007FD726;
			remoteInfo = "Connect-Four";
		};
/* End PBXContainerItemProxy section */

/* Begin PBXFileReference section */
		B8BC0D43282DCCD4007FD726 /* Connect-Four.app */ = {isa = PBXFileReference; explicitFileType = wrapper.application; includeInIndex = 0; path = "Connect-Four.app"; sourceTree = BUILT_PRODUCTS_DIR; };
		B8BC0D46282DCCD4007FD726 /* AppDelegate.swift */ = {isa = PBXFileReference; lastKnownFileType = sourcecode.swift; path = AppDelegate.swift; sourceTree = "<group>"; };
		B8BC0D48282DCCD5007FD726 /* GameScene.sks */ = {isa = PBXFileReference; lastKnownFileType = file.sks; path = GameScene.sks; sourceTree = "<group>"; };
		B8BC0D4A282DCCD5007FD726 /* Actions.sks */ = {isa = PBXFileReference; lastKnownFileType = file.sks; path = Actions.sks; sourceTree = "<group>"; };
		B8BC0D4C282DCCD5007FD726 /* GameScene.swift */ = {isa = PBXFileReference; lastKnownFileType = sourcecode.swift; path = GameScene.swift; sourceTree = "<group>"; };
		B8BC0D4E282DCCD5007FD726 /* GameViewController.swift */ = {isa = PBXFileReference; lastKnownFileType = sourcecode.swift; path = GameViewController.swift; sourceTree = "<group>"; };
		B8BC0D51282DCCD5007FD726 /* Base */ = {isa = PBXFileReference; lastKnownFileType = file.storyboard; name = Base; path = Base.lproj/Main.storyboard; sourceTree = "<group>"; };
		B8BC0D53282DCCD7007FD726 /* Assets.xcassets */ = {isa = PBXFileReference; lastKnownFileType = folder.assetcatalog; path = Assets.xcassets; sourceTree = "<group>"; };
		B8BC0D56282DCCD7007FD726 /* Base */ = {isa = PBXFileReference; lastKnownFileType = file.storyboard; name = Base; path = Base.lproj/LaunchScreen.storyboard; sourceTree = "<group>"; };
		B8BC0D5C282DCCD7007FD726 /* Connect-FourTests.xctest */ = {isa = PBXFileReference; explicitFileType = wrapper.cfbundle; includeInIndex = 0; path = "Connect-FourTests.xctest"; sourceTree = BUILT_PRODUCTS_DIR; };
		B8BC0D60282DCCD7007FD726 /* Connect_FourTests.swift */ = {isa = PBXFileReference; lastKnownFileType = sourcecode.swift; path = Connect_FourTests.swift; sourceTree = "<group>"; };
		B8BC0D66282DCCD7007FD726 /* Connect-FourUITests.xctest */ = {isa = PBXFileReference; explicitFileType = wrapper.cfbundle; includeInIndex = 0; path = "Connect-FourUITests.xctest"; sourceTree = BUILT_PRODUCTS_DIR; };
		B8BC0D6A282DCCD7007FD726 /* Connect_FourUITests.swift */ = {isa = PBXFileReference; lastKnownFileType = sourcecode.swift; path = Connect_FourUITests.swift; sourceTree = "<group>"; };
		B8BC0D6C282DCCD7007FD726 /* Connect_FourUITestsLaunchTests.swift */ = {isa = PBXFileReference; lastKnownFileType = sourcecode.swift; path = Connect_FourUITestsLaunchTests.swift; sourceTree = "<group>"; };
/* End PBXFileReference section */

/* Begin PBXFrameworksBuildPhase section */
		B8BC0D40282DCCD4007FD726 /* Frameworks */ = {
			isa = PBXFrameworksBuildPhase;
			buildActionMask = 2147483647;
			files = (
			);
			runOnlyForDeploymentPostprocessing = 0;
		};
		B8BC0D59282DCCD7007FD726 /* Frameworks */ = {
			isa = PBXFrameworksBuildPhase;
			buildActionMask = 2147483647;
			files = (
			);
			runOnlyForDeploymentPostprocessing = 0;
		};
		B8BC0D63282DCCD7007FD726 /* Frameworks */ = {
			isa = PBXFrameworksBuildPhase;
			buildActionMask = 2147483647;
			files = (
			);
			runOnlyForDeploymentPostprocessing = 0;
		};
/* End PBXFrameworksBuildPhase section */

/* Begin PBXGroup section */
		B8BC0D3A282DCCD4007FD726 = {
			isa = PBXGroup;
			children = (
				B8BC0D45282DCCD4007FD726 /* Connect-Four */,
				B8BC0D5F282DCCD7007FD726 /* Connect-FourTests */,
				B8BC0D69282DCCD7007FD726 /* Connect-FourUITests */,
				B8BC0D44282DCCD4007FD726 /* Products */,
			);
			sourceTree = "<group>";
		};
		B8BC0D44282DCCD4007FD726 /* Products */ = {
			isa = PBXGroup;
			children = (
				B8BC0D43282DCCD4007FD726 /* Connect-Four.app */,
				B8BC0D5C282DCCD7007FD726 /* Connect-FourTests.xctest */,
				B8BC0D66282DCCD7007FD726 /* Connect-FourUITests.xctest */,
			);
			name = Products;
			sourceTree = "<group>";
		};
		B8BC0D45282DCCD4007FD726 /* Connect-Four */ = {
			isa = PBXGroup;
			children = (
				B8BC0D46282DCCD4007FD726 /* AppDelegate.swift */,
				B8BC0D48282DCCD5007FD726 /* GameScene.sks */,
				B8BC0D4A282DCCD5007FD726 /* Actions.sks */,
				B8BC0D4C282DCCD5007FD726 /* GameScene.swift */,
				B8BC0D4E282DCCD5007FD726 /* GameViewController.swift */,
				B8BC0D50282DCCD5007FD726 /* Main.storyboard */,
				B8BC0D53282DCCD7007FD726 /* Assets.xcassets */,
				B8BC0D55282DCCD7007FD726 /* LaunchScreen.storyboard */,
			);
			path = "Connect-Four";
			sourceTree = "<group>";
		};
		B8BC0D5F282DCCD7007FD726 /* Connect-FourTests */ = {
			isa = PBXGroup;
			children = (
				B8BC0D60282DCCD7007FD726 /* Connect_FourTests.swift */,
			);
			path = "Connect-FourTests";
			sourceTree = "<group>";
		};
		B8BC0D69282DCCD7007FD726 /* Connect-FourUITests */ = {
			isa = PBXGroup;
			children = (
				B8BC0D6A282DCCD7007FD726 /* Connect_FourUITests.swift */,
				B8BC0D6C282DCCD7007FD726 /* Connect_FourUITestsLaunchTests.swift */,
			);
			path = "Connect-FourUITests";
			sourceTree = "<group>";
		};
/* End PBXGroup section */

/* Begin PBXNativeTarget section */
		B8BC0D42282DCCD4007FD726 /* Connect-Four */ = {
			isa = PBXNativeTarget;
			buildConfigurationList = B8BC0D70282DCCD7007FD726 /* Build configuration list for PBXNativeTarget "Connect-Four" */;
			buildPhases = (
				B8BC0D3F282DCCD4007FD726 /* Sources */,
				B8BC0D40282DCCD4007FD726 /* Frameworks */,
				B8BC0D41282DCCD4007FD726 /* Resources */,
			);
			buildRules = (
			);
			dependencies = (
			);
			name = "Connect-Four";
			productName = "Connect-Four";
			productReference = B8BC0D43282DCCD4007FD726 /* Connect-Four.app */;
			productType = "com.apple.product-type.application";
		};
		B8BC0D5B282DCCD7007FD726 /* Connect-FourTests */ = {
			isa = PBXNativeTarget;
			buildConfigurationList = B8BC0D73282DCCD7007FD726 /* Build configuration list for PBXNativeTarget "Connect-FourTests" */;
			buildPhases = (
				B8BC0D58282DCCD7007FD726 /* Sources */,
				B8BC0D59282DCCD7007FD726 /* Frameworks */,
				B8BC0D5A282DCCD7007FD726 /* Resources */,
			);
			buildRules = (
			);
			dependencies = (
				B8BC0D5E282DCCD7007FD726 /* PBXTargetDependency */,
			);
			name = "Connect-FourTests";
			productName = "Connect-FourTests";
			productReference = B8BC0D5C282DCCD7007FD726 /* Connect-FourTests.xctest */;
			productType = "com.apple.product-type.bundle.unit-test";
		};
		B8BC0D65282DCCD7007FD726 /* Connect-FourUITests */ = {
			isa = PBXNativeTarget;
			buildConfigurationList = B8BC0D76282DCCD7007FD726 /* Build configuration list for PBXNativeTarget "Connect-FourUITests" */;
			buildPhases = (
				B8BC0D62282DCCD7007FD726 /* Sources */,
				B8BC0D63282DCCD7007FD726 /* Frameworks */,
				B8BC0D64282DCCD7007FD726 /* Resources */,
			);
			buildRules = (
			);
			dependencies = (
				B8BC0D68282DCCD7007FD726 /* PBXTargetDependency */,
			);
			name = "Connect-FourUITests";
			productName = "Connect-FourUITests";
			productReference = B8BC0D66282DCCD7007FD726 /* Connect-FourUITests.xctest */;
			productType = "com.apple.product-type.bundle.ui-testing";
		};
/* End PBXNativeTarget section */

/* Begin PBXProject section */
		B8BC0D3B282DCCD4007FD726 /* Project object */ = {
			isa = PBXProject;
			attributes = {
				BuildIndependentTargetsInParallel = 1;
				LastSwiftUpdateCheck = 1320;
				LastUpgradeCheck = 1320;
				TargetAttributes = {
					B8BC0D42282DCCD4007FD726 = {
						CreatedOnToolsVersion = 13.2.1;
					};
					B8BC0D5B282DCCD7007FD726 = {
						CreatedOnToolsVersion = 13.2.1;
						TestTargetID = B8BC0D42282DCCD4007FD726;
					};
					B8BC0D65282DCCD7007FD726 = {
						CreatedOnToolsVersion = 13.2.1;
						TestTargetID = B8BC0D42282DCCD4007FD726;
					};
				};
			};
			buildConfigurationList = B8BC0D3E282DCCD4007FD726 /* Build configuration list for PBXProject "Connect-Four" */;
			compatibilityVersion = "Xcode 13.0";
			developmentRegion = en;
			hasScannedForEncodings = 0;
			knownRegions = (
				en,
				Base,
			);
			mainGroup = B8BC0D3A282DCCD4007FD726;
			productRefGroup = B8BC0D44282DCCD4007FD726 /* Products */;
			projectDirPath = "";
			projectRoot = "";
			targets = (
				B8BC0D42282DCCD4007FD726 /* Connect-Four */,
				B8BC0D5B282DCCD7007FD726 /* Connect-FourTests */,
				B8BC0D65282DCCD7007FD726 /* Connect-FourUITests */,
			);
		};
/* End PBXProject section */

/* Begin PBXResourcesBuildPhase section */
		B8BC0D41282DCCD4007FD726 /* Resources */ = {
			isa = PBXResourcesBuildPhase;
			buildActionMask = 2147483647;
			files = (
				B8BC0D52282DCCD5007FD726 /* Main.storyboard in Resources */,
				B8BC0D49282DCCD5007FD726 /* GameScene.sks in Resources */,
				B8BC0D54282DCCD7007FD726 /* Assets.xcassets in Resources */,
				B8BC0D57282DCCD7007FD726 /* LaunchScreen.storyboard in Resources */,
				B8BC0D4B282DCCD5007FD726 /* Actions.sks in Resources */,
			);
			runOnlyForDeploymentPostprocessing = 0;
		};
		B8BC0D5A282DCCD7007FD726 /* Resources */ = {
			isa = PBXResourcesBuildPhase;
			buildActionMask = 2147483647;
			files = (
			);
			runOnlyForDeploymentPostprocessing = 0;
		};
		B8BC0D64282DCCD7007FD726 /* Resources */ = {
			isa = PBXResourcesBuildPhase;
			buildActionMask = 2147483647;
			files = (
			);
			runOnlyForDeploymentPostprocessing = 0;
		};
/* End PBXResourcesBuildPhase section */

/* Begin PBXSourcesBuildPhase section */
		B8BC0D3F282DCCD4007FD726 /* Sources */ = {
			isa = PBXSourcesBuildPhase;
			buildActionMask = 2147483647;
			files = (
				B8BC0D4D282DCCD5007FD726 /* GameScene.swift in Sources */,
				B8BC0D4F282DCCD5007FD726 /* GameViewController.swift in Sources */,
				B8BC0D47282DCCD4007FD726 /* AppDelegate.swift in Sources */,
			);
			runOnlyForDeploymentPostprocessing = 0;
		};
		B8BC0D58282DCCD7007FD726 /* Sources */ = {
			isa = PBXSourcesBuildPhase;
			buildActionMask = 2147483647;
			files = (
				B8BC0D61282DCCD7007FD726 /* Connect_FourTests.swift in Sources */,
			);
			runOnlyForDeploymentPostprocessing = 0;
		};
		B8BC0D62282DCCD7007FD726 /* Sources */ = {
			isa = PBXSourcesBuildPhase;
			buildActionMask = 2147483647;
			files = (
				B8BC0D6B282DCCD7007FD726 /* Connect_FourUITests.swift in Sources */,
				B8BC0D6D282DCCD7007FD726 /* Connect_FourUITestsLaunchTests.swift in Sources */,
			);
			runOnlyForDeploymentPostprocessing = 0;
		};
/* End PBXSourcesBuildPhase section */

/* Begin PBXTargetDependency section */
		B8BC0D5E282DCCD7007FD726 /* PBXTargetDependency */ = {
			isa = PBXTargetDependency;
			target = B8BC0D42282DCCD4007FD726 /* Connect-Four */;
			targetProxy = B8BC0D5D282DCCD7007FD726 /* PBXContainerItemProxy */;
		};
		B8BC0D68282DCCD7007FD726 /* PBXTargetDependency */ = {
			isa = PBXTargetDependency;
			target = B8BC0D42282DCCD4007FD726 /* Connect-Four */;
			targetProxy = B8BC0D67282DCCD7007FD726 /* PBXContainerItemProxy */;
		};
/* End PBXTargetDependency section */

/* Begin PBXVariantGroup section */
		B8BC0D50282DCCD5007FD726 /* Main.storyboard */ = {
			isa = PBXVariantGroup;
			children = (
				B8BC0D51282DCCD5007FD726 /* Base */,
			);
			name = Main.storyboard;
			sourceTree = "<group>";
		};
		B8BC0D55282DCCD7007FD726 /* LaunchScreen.storyboard */ = {
			isa = PBXVariantGroup;
			children = (
				B8BC0D56282DCCD7007FD726 /* Base */,
			);
			name = LaunchScreen.storyboard;
			sourceTree = "<group>";
		};
/* End PBXVariantGroup section */

/* Begin XCBuildConfiguration section */
		B8BC0D6E282DCCD7007FD726 /* Debug */ = {
			isa = XCBuildConfiguration;
			buildSettings = {
				ALWAYS_SEARCH_USER_PATHS = NO;
				CLANG_ANALYZER_NONNULL = YES;
				CLANG_ANALYZER_NUMBER_OBJECT_CONVERSION = YES_AGGRESSIVE;
				CLANG_CXX_LANGUAGE_STANDARD = "gnu++17";
				CLANG_CXX_LIBRARY = "libc++";
				CLANG_ENABLE_MODULES = YES;
				CLANG_ENABLE_OBJC_ARC = YES;
				CLANG_ENABLE_OBJC_WEAK = YES;
				CLANG_WARN_BLOCK_CAPTURE_AUTORELEASING = YES;
				CLANG_WARN_BOOL_CONVERSION = YES;
				CLANG_WARN_COMMA = YES;
				CLANG_WARN_CONSTANT_CONVERSION = YES;
				CLANG_WARN_DEPRECATED_OBJC_IMPLEMENTATIONS = YES;
				CLANG_WARN_DIRECT_OBJC_ISA_USAGE = YES_ERROR;
				CLANG_WARN_DOCUMENTATION_COMMENTS = YES;
				CLANG_WARN_EMPTY_BODY = YES;
				CLANG_WARN_ENUM_CONVERSION = YES;
				CLANG_WARN_INFINITE_RECURSION = YES;
				CLANG_WARN_INT_CONVERSION = YES;
				CLANG_WARN_NON_LITERAL_NULL_CONVERSION = YES;
				CLANG_WARN_OBJC_IMPLICIT_RETAIN_SELF = YES;
				CLANG_WARN_OBJC_LITERAL_CONVERSION = YES;
				CLANG_WARN_OBJC_ROOT_CLASS = YES_ERROR;
				CLANG_WARN_QUOTED_INCLUDE_IN_FRAMEWORK_HEADER = YES;
				CLANG_WARN_RANGE_LOOP_ANALYSIS = YES;
				CLANG_WARN_STRICT_PROTOTYPES = YES;
				CLANG_WARN_SUSPICIOUS_MOVE = YES;
				CLANG_WARN_UNGUARDED_AVAILABILITY = YES_AGGRESSIVE;
				CLANG_WARN_UNREACHABLE_CODE = YES;
				CLANG_WARN__DUPLICATE_METHOD_MATCH = YES;
				COPY_PHASE_STRIP = NO;
				DEBUG_INFORMATION_FORMAT = dwarf;
				ENABLE_STRICT_OBJC_MSGSEND = YES;
				ENABLE_TESTABILITY = YES;
				GCC_C_LANGUAGE_STANDARD = gnu11;
				GCC_DYNAMIC_NO_PIC = NO;
				GCC_NO_COMMON_BLOCKS = YES;
				GCC_OPTIMIZATION_LEVEL = 0;
				GCC_PREPROCESSOR_DEFINITIONS = (
					"DEBUG=1",
					"$(inherited)",
				);
				GCC_WARN_64_TO_32_BIT_CONVERSION = YES;
				GCC_WARN_ABOUT_RETURN_TYPE = YES_ERROR;
				GCC_WARN_UNDECLARED_SELECTOR = YES;
				GCC_WARN_UNINITIALIZED_AUTOS = YES_AGGRESSIVE;
				GCC_WARN_UNUSED_FUNCTION = YES;
				GCC_WARN_UNUSED_VARIABLE = YES;
				IPHONEOS_DEPLOYMENT_TARGET = 15.2;
				MTL_ENABLE_DEBUG_INFO = INCLUDE_SOURCE;
				MTL_FAST_MATH = YES;
				ONLY_ACTIVE_ARCH = YES;
				SDKROOT = iphoneos;
				SWIFT_ACTIVE_COMPILATION_CONDITIONS = DEBUG;
				SWIFT_OPTIMIZATION_LEVEL = "-Onone";
			};
			name = Debug;
		};
		B8BC0D6F282DCCD7007FD726 /* Release */ = {
			isa = XCBuildConfiguration;
			buildSettings = {
				ALWAYS_SEARCH_USER_PATHS = NO;
				CLANG_ANALYZER_NONNULL = YES;
				CLANG_ANALYZER_NUMBER_OBJECT_CONVERSION = YES_AGGRESSIVE;
				CLANG_CXX_LANGUAGE_STANDARD = "gnu++17";
				CLANG_CXX_LIBRARY = "libc++";
				CLANG_ENABLE_MODULES = YES;
				CLANG_ENABLE_OBJC_ARC = YES;
				CLANG_ENABLE_OBJC_WEAK = YES;
				CLANG_WARN_BLOCK_CAPTURE_AUTORELEASING = YES;
				CLANG_WARN_BOOL_CONVERSION = YES;
				CLANG_WARN_COMMA = YES;
				CLANG_WARN_CONSTANT_CONVERSION = YES;
				CLANG_WARN_DEPRECATED_OBJC_IMPLEMENTATIONS = YES;
				CLANG_WARN_DIRECT_OBJC_ISA_USAGE = YES_ERROR;
				CLANG_WARN_DOCUMENTATION_COMMENTS = YES;
				CLANG_WARN_EMPTY_BODY = YES;
				CLANG_WARN_ENUM_CONVERSION = YES;
				CLANG_WARN_INFINITE_RECURSION = YES;
				CLANG_WARN_INT_CONVERSION = YES;
				CLANG_WARN_NON_LITERAL_NULL_CONVERSION = YES;
				CLANG_WARN_OBJC_IMPLICIT_RETAIN_SELF = YES;
				CLANG_WARN_OBJC_LITERAL_CONVERSION = YES;
				CLANG_WARN_OBJC_ROOT_CLASS = YES_ERROR;
				CLANG_WARN_QUOTED_INCLUDE_IN_FRAMEWORK_HEADER = YES;
				CLANG_WARN_RANGE_LOOP_ANALYSIS = YES;
				CLANG_WARN_STRICT_PROTOTYPES = YES;
				CLANG_WARN_SUSPICIOUS_MOVE = YES;
				CLANG_WARN_UNGUARDED_AVAILABILITY = YES_AGGRESSIVE;
				CLANG_WARN_UNREACHABLE_CODE = YES;
				CLANG_WARN__DUPLICATE_METHOD_MATCH = YES;
				COPY_PHASE_STRIP = NO;
				DEBUG_INFORMATION_FORMAT = "dwarf-with-dsym";
				ENABLE_NS_ASSERTIONS = NO;
				ENABLE_STRICT_OBJC_MSGSEND = YES;
				GCC_C_LANGUAGE_STANDARD = gnu11;
				GCC_NO_COMMON_BLOCKS = YES;
				GCC_WARN_64_TO_32_BIT_CONVERSION = YES;
				GCC_WARN_ABOUT_RETURN_TYPE = YES_ERROR;
				GCC_WARN_UNDECLARED_SELECTOR = YES;
				GCC_WARN_UNINITIALIZED_AUTOS = YES_AGGRESSIVE;
				GCC_WARN_UNUSED_FUNCTION = YES;
				GCC_WARN_UNUSED_VARIABLE = YES;
				IPHONEOS_DEPLOYMENT_TARGET = 15.2;
				MTL_ENABLE_DEBUG_INFO = NO;
				MTL_FAST_MATH = YES;
				SDKROOT = iphoneos;
				SWIFT_COMPILATION_MODE = wholemodule;
				SWIFT_OPTIMIZATION_LEVEL = "-O";
				VALIDATE_PRODUCT = YES;
			};
			name = Release;
		};
		B8BC0D71282DCCD7007FD726 /* Debug */ = {
			isa = XCBuildConfiguration;
			buildSettings = {
				ASSETCATALOG_COMPILER_APPICON_NAME = AppIcon;
				ASSETCATALOG_COMPILER_GLOBAL_ACCENT_COLOR_NAME = AccentColor;
				CODE_SIGN_STYLE = Automatic;
				CURRENT_PROJECT_VERSION = 1;
				DEVELOPMENT_TEAM = 8LM4R9G4S4;
				GENERATE_INFOPLIST_FILE = YES;
				INFOPLIST_KEY_UIApplicationSupportsIndirectInputEvents = YES;
				INFOPLIST_KEY_UILaunchStoryboardName = LaunchScreen;
				INFOPLIST_KEY_UIMainStoryboardFile = Main;
				INFOPLIST_KEY_UIStatusBarHidden = YES;
				INFOPLIST_KEY_UISupportedInterfaceOrientations_iPad = "UIInterfaceOrientationPortrait UIInterfaceOrientationPortraitUpsideDown UIInterfaceOrientationLandscapeLeft UIInterfaceOrientationLandscapeRight";
				INFOPLIST_KEY_UISupportedInterfaceOrientations_iPhone = "UIInterfaceOrientationPortrait UIInterfaceOrientationLandscapeLeft UIInterfaceOrientationLandscapeRight";
				LD_RUNPATH_SEARCH_PATHS = (
					"$(inherited)",
					"@executable_path/Frameworks",
				);
				MARKETING_VERSION = 1.0;
				PRODUCT_BUNDLE_IDENTIFIER = "com.everettwilber.Connect-Four";
				PRODUCT_NAME = "$(TARGET_NAME)";
				SWIFT_EMIT_LOC_STRINGS = YES;
				SWIFT_VERSION = 5.0;
				TARGETED_DEVICE_FAMILY = "1,2";
			};
			name = Debug;
		};
		B8BC0D72282DCCD7007FD726 /* Release */ = {
			isa = XCBuildConfiguration;
			buildSettings = {
				ASSETCATALOG_COMPILER_APPICON_NAME = AppIcon;
				ASSETCATALOG_COMPILER_GLOBAL_ACCENT_COLOR_NAME = AccentColor;
				CODE_SIGN_STYLE = Automatic;
				CURRENT_PROJECT_VERSION = 1;
				DEVELOPMENT_TEAM = 8LM4R9G4S4;
				GENERATE_INFOPLIST_FILE = YES;
				INFOPLIST_KEY_UIApplicationSupportsIndirectInputEvents = YES;
				INFOPLIST_KEY_UILaunchStoryboardName = LaunchScreen;
				INFOPLIST_KEY_UIMainStoryboardFile = Main;
				INFOPLIST_KEY_UIStatusBarHidden = YES;
				INFOPLIST_KEY_UISupportedInterfaceOrientations_iPad = "UIInterfaceOrientationPortrait UIInterfaceOrientationPortraitUpsideDown UIInterfaceOrientationLandscapeLeft UIInterfaceOrientationLandscapeRight";
				INFOPLIST_KEY_UISupportedInterfaceOrientations_iPhone = "UIInterfaceOrientationPortrait UIInterfaceOrientationLandscapeLeft UIInterfaceOrientationLandscapeRight";
				LD_RUNPATH_SEARCH_PATHS = (
					"$(inherited)",
					"@executable_path/Frameworks",
				);
				MARKETING_VERSION = 1.0;
				PRODUCT_BUNDLE_IDENTIFIER = "com.everettwilber.Connect-Four";
				PRODUCT_NAME = "$(TARGET_NAME)";
				SWIFT_EMIT_LOC_STRINGS = YES;
				SWIFT_VERSION = 5.0;
				TARGETED_DEVICE_FAMILY = "1,2";
			};
			name = Release;
		};
		B8BC0D74282DCCD7007FD726 /* Debug */ = {
			isa = XCBuildConfiguration;
			buildSettings = {
				ALWAYS_EMBED_SWIFT_STANDARD_LIBRARIES = YES;
				BUNDLE_LOADER = "$(TEST_HOST)";
				CODE_SIGN_STYLE = Automatic;
				CURRENT_PROJECT_VERSION = 1;
				DEVELOPMENT_TEAM = 8LM4R9G4S4;
				GENERATE_INFOPLIST_FILE = YES;
				IPHONEOS_DEPLOYMENT_TARGET = 15.2;
				MARKETING_VERSION = 1.0;
				PRODUCT_BUNDLE_IDENTIFIER = "com.everettwilber.Connect-FourTests";
				PRODUCT_NAME = "$(TARGET_NAME)";
				SWIFT_EMIT_LOC_STRINGS = NO;
				SWIFT_VERSION = 5.0;
				TARGETED_DEVICE_FAMILY = "1,2";
				TEST_HOST = "$(BUILT_PRODUCTS_DIR)/Connect-Four.app/Connect-Four";
			};
			name = Debug;
		};
		B8BC0D75282DCCD7007FD726 /* Release */ = {
			isa = XCBuildConfiguration;
			buildSettings = {
				ALWAYS_EMBED_SWIFT_STANDARD_LIBRARIES = YES;
				BUNDLE_LOADER = "$(TEST_HOST)";
				CODE_SIGN_STYLE = Automatic;
				CURRENT_PROJECT_VERSION = 1;
				DEVELOPMENT_TEAM = 8LM4R9G4S4;
				GENERATE_INFOPLIST_FILE = YES;
				IPHONEOS_DEPLOYMENT_TARGET = 15.2;
				MARKETING_VERSION = 1.0;
				PRODUCT_BUNDLE_IDENTIFIER = "com.everettwilber.Connect-FourTests";
				PRODUCT_NAME = "$(TARGET_NAME)";
				SWIFT_EMIT_LOC_STRINGS = NO;
				SWIFT_VERSION = 5.0;
				TARGETED_DEVICE_FAMILY = "1,2";
				TEST_HOST = "$(BUILT_PRODUCTS_DIR)/Connect-Four.app/Connect-Four";
			};
			name = Release;
		};
		B8BC0D77282DCCD7007FD726 /* Debug */ = {
			isa = XCBuildConfiguration;
			buildSettings = {
				ALWAYS_EMBED_SWIFT_STANDARD_LIBRARIES = YES;
				CODE_SIGN_STYLE = Automatic;
				CURRENT_PROJECT_VERSION = 1;
				DEVELOPMENT_TEAM = 8LM4R9G4S4;
				GENERATE_INFOPLIST_FILE = YES;
				MARKETING_VERSION = 1.0;
				PRODUCT_BUNDLE_IDENTIFIER = "com.everettwilber.Connect-FourUITests";
				PRODUCT_NAME = "$(TARGET_NAME)";
				SWIFT_EMIT_LOC_STRINGS = NO;
				SWIFT_VERSION = 5.0;
				TARGETED_DEVICE_FAMILY = "1,2";
				TEST_TARGET_NAME = "Connect-Four";
			};
			name = Debug;
		};
		B8BC0D78282DCCD7007FD726 /* Release */ = {
			isa = XCBuildConfiguration;
			buildSettings = {
				ALWAYS_EMBED_SWIFT_STANDARD_LIBRARIES = YES;
				CODE_SIGN_STYLE = Automatic;
				CURRENT_PROJECT_VERSION = 1;
				DEVELOPMENT_TEAM = 8LM4R9G4S4;
				GENERATE_INFOPLIST_FILE = YES;
				MARKETING_VERSION = 1.0;
				PRODUCT_BUNDLE_IDENTIFIER = "com.everettwilber.Connect-FourUITests";
				PRODUCT_NAME = "$(TARGET_NAME)";
				SWIFT_EMIT_LOC_STRINGS = NO;
				SWIFT_VERSION = 5.0;
				TARGETED_DEVICE_FAMILY = "1,2";
				TEST_TARGET_NAME = "Connect-Four";
			};
			name = Release;
		};
/* End XCBuildConfiguration section */

/* Begin XCConfigurationList section */
		B8BC0D3E282DCCD4007FD726 /* Build configuration list for PBXProject "Connect-Four" */ = {
			isa = XCConfigurationList;
			buildConfigurations = (
				B8BC0D6E282DCCD7007FD726 /* Debug */,
				B8BC0D6F282DCCD7007FD726 /* Release */,
			);
			defaultConfigurationIsVisible = 0;
			defaultConfigurationName = Release;
		};
		B8BC0D70282DCCD7007FD726 /* Build configuration list for PBXNativeTarget "Connect-Four" */ = {
			isa = XCConfigurationList;
			buildConfigurations = (
				B8BC0D71282DCCD7007FD726 /* Debug */,
				B8BC0D72282DCCD7007FD726 /* Release */,
			);
			defaultConfigurationIsVisible = 0;
			defaultConfigurationName = Release;
		};
		B8BC0D73282DCCD7007FD726 /* Build configuration list for PBXNativeTarget "Connect-FourTests" */ = {
			isa = XCConfigurationList;
			buildConfigurations = (
				B8BC0D74282DCCD7007FD726 /* Debug */,
				B8BC0D75282DCCD7007FD726 /* Release */,
			);
			defaultConfigurationIsVisible = 0;
			defaultConfigurationName = Release;
		};
		B8BC0D76282DCCD7007FD726 /* Build configuration list for PBXNativeTarget "Connect-FourUITests" */ = {
			isa = XCConfigurationList;
			buildConfigurations = (
				B8BC0D77282DCCD7007FD726 /* Debug */,
				B8BC0D78282DCCD7007FD726 /* Release */,
			);
			defaultConfigurationIsVisible = 0;
			defaultConfigurationName = Release;
		};
/* End XCConfigurationList section */
	};
	rootObject = B8BC0D3B282DCCD4007FD726 /* Project object */;
}
